{
  "name": "genro-builders-js",
  "version": "0.3.1",
  "lockfileVersion": 3,
  "requires": true,
  "packages": {
    "": {
      "name": "genro-builders-js",
      "version": "0.3.1",
      "license": "Apache-2.0",
      "dependencies": {
        "@jsr/genro__bag": "npm:@jsr/genro__bag@^0.10.0",
        "@jsr/genro__tytx": "npm:@jsr/genro__tytx@^0.16.0"
      },
      "engines": {
        "node": ">=22"
      }
    },
    "node_modules/@jsr/genro__bag": {
      "version": "0.10.0",
      "resolved": "https://npm.jsr.io/~/11/@jsr/genro__bag/0.10.0.tgz",
      "integrity": "sha512-DGOHvMqd073CP6DQllh1nLjb4rJ26zMEze9UYiADv2U84Pa4LPVBkbCUOHusV3Qcmrlh+MPRE07cEDepKSOB0g==",
      "dependencies": {
        "@jsr/genro__tytx": "^0.16.0",
        "@xmldom/xmldom": "^0.9.12"
      }
    },
    "node_modules/@jsr/genro__tytx": {
      "version": "0.16.0",
      "resolved": "https://npm.jsr.io/~/11/@jsr/genro__tytx/0.16.0.tgz",
      "integrity": "sha512-Wx9KhkZ9IhCPSjSvAQOoEFT+tfp7T4R3LKOUGf6VxlORC6hOG9Ywnmnut5XHkC7rUbldesJlFc7K5vSNh079Dw==",
      "dependencies": {
        "@msgpack/msgpack": "^3.1.3",
        "@xmldom/xmldom": "^0.8.10",
        "big.js": "^6.2.1",
        "decimal.js": "^10.4.3"
      }
    },
    "node_modules/@jsr/genro__tytx/node_modules/@xmldom/xmldom": {
      "version": "0.8.15",
      "resolved": "https://registry.npmjs.org/@xmldom/xmldom/-/xmldom-0.8.15.tgz",
      "integrity": "sha512-/5NV/vDALVFDXgLmfsy9TRCBlKwO2LNBFzpzvb9iIj+jR+eSc6DLYYvVOdivT/jm7MtU6TebYuRmzEOI7w40UA==",
      "license": "MIT",
      "engines": {
        "node": ">=10.0.0"
      }
    },
    "node_modules/@msgpack/msgpack": {
      "version": "3.1.3",
      "resolved": "https://registry.npmjs.org/@msgpack/msgpack/-/msgpack-3.1.3.tgz",
      "integrity": "sha512-47XIizs9XZXvuJgoaJUIE2lFoID8ugvc0jzSHP+Ptfk8nTbnR8g788wv48N03Kx0UkAv559HWRQ3yzOgzlRNUA==",
      "license": "ISC",
      "engines": {
        "node": ">= 18"
      }
    },
    "node_modules/@xmldom/xmldom": {
      "version": "0.9.12",
      "resolved": "https://registry.npmjs.org/@xmldom/xmldom/-/xmldom-0.9.12.tgz",
      "integrity": "sha512-5AXjrcMClTryPe9LgZrygpB1lj7s0S9E0+W+AHaVKAVyHanafK86iPSvG5xHVSp/jC+VH1UXu0TAEmY279xH7A==",
      "license": "MIT",
      "engines": {
        "node": ">=14.6"
      }
    },
    "node_modules/big.js": {
      "version": "6.2.2",
      "resolved": "https://registry.npmjs.org/big.js/-/big.js-6.2.2.tgz",
      "integrity": "sha512-y/ie+Faknx7sZA5MfGA2xKlu0GDv8RWrXGsmlteyJQ2lvoKv9GBK/fpRMc2qlSoBAgNxrixICFCBefIq8WCQpQ==",
      "license": "MIT",
      "engines": {
        "node": "*"
      },
      "funding": {
        "type": "opencollective",
        "url": "https://opencollective.com/bigjs"
      }
    },
    "node_modules/decimal.js": {
      "version": "10.6.0",
      "resolved": "https://registry.npmjs.org/decimal.js/-/decimal.js-10.6.0.tgz",
      "integrity": "sha512-YpgQiITW3JXGntzdUmyUR1V812Hn8T1YVXhCu+wO3OpS4eU9l4YdD3qjyiKdV6mvV29zapkMeD390UVEf2lkUg==",
      "license": "MIT"
    }
  }
}
